
Microsoft Visual Studio Solution File, Format Version 12.00
# Visual Studio Version 17
VisualStudioVersion = 17.10.34916.146
MinimumVisualStudioVersion = 10.0.40219.1
Project("{FAE04EC0-301F-11D3-BF4B-00C04F79EFBC}") = "HelloWorld", "HelloWorld\HelloWorld.csproj", "{CE4593E2-37FA-446B-830D-D8FC020CBC70}"
EndProject
Project("{FAE04EC0-301F-11D3-BF4B-00C04F79EFBC}") = "WeatherApp", "WeatherApp\WeatherApp.csproj", "{60361F81-CC0C-4C0E-8CA2-CAA429C7876E}"
EndProject
Global
	GlobalSection(SolutionConfigurationPlatforms) = preSolution
		Debug|Any CPU = Debug|Any CPU
		Release|Any CPU = Release|Any CPU
	EndGlobalSection
	GlobalSection(ProjectConfigurationPlatforms) = postSolution
		{CE4593E2-37FA-446B-830D-D8FC020CBC70}.Debug|Any CPU.ActiveCfg = Debug|Any CPU
		{CE4593E2-37FA-446B-830D-D8FC020CBC70}.Debug|Any CPU.Build.0 = Debug|Any CPU
		{CE4593E2-37FA-446B-830D-D8FC020CBC70}.Release|Any CPU.ActiveCfg = Release|Any CPU
		{CE4593E2-37FA-446B-830D-D8FC020CBC70}.Release|Any CPU.Build.0 = Release|Any CPU
		{60361F81-CC0C-4C0E-8CA2-CAA429C7876E}.Debug|Any CPU.ActiveCfg = Debug|Any CPU
		{60361F81-CC0C-4C0E-8CA2-CAA429C7876E}.Debug|Any CPU.Build.0 = Debug|Any CPU
		{60361F81-CC0C-4C0E-8CA2-CAA429C7876E}.Release|Any CPU.ActiveCfg = Release|Any CPU
		{60361F81-CC0C-4C0E-8CA2-CAA429C7876E}.Release|Any CPU.Build.0 = Release|Any CPU
	EndGlobalSection
	GlobalSection(SolutionProperties) = preSolution
		HideSolutionNode = FALSE
	EndGlobalSection
	GlobalSection(ExtensibilityGlobals) = postSolution
		SolutionGuid = {94DF572F-2294-49B5-8E82-75A4CFABE225}
	EndGlobalSection
EndGlobal
